// !$*UTF8*$!
{
	archiveVersion = 1;
	classes = {
	};
	objectVersion = 56;
	objects = {

/* Begin PBXBuildFile section */
		0445A512294F87DA007073DB /* .swiftlint.yml in Resources */ = {isa = PBXBuildFile; fileRef = 0445A511294F87DA007073DB /* .swiftlint.yml */; };
		04868863294F8B37000E4C77 /* SignupView.swift in Sources */ = {isa = PBXBuildFile; fileRef = 04868862294F8B37000E4C77 /* SignupView.swift */; };
		049C0CB9294F8C160076F2C8 /* LoginView.swift in Sources */ = {isa = PBXBuildFile; fileRef = 049C0CB8294F8C160076F2C8 /* LoginView.swift */; };
		0B06822629370AC000E5D648 /* Techeer_RUAloneApp.swift in Sources */ = {isa = PBXBuildFile; fileRef = 0B06822529370AC000E5D648 /* Techeer_RUAloneApp.swift */; };
		0B06822829370AC000E5D648 /* ContentView.swift in Sources */ = {isa = PBXBuildFile; fileRef = 0B06822729370AC000E5D648 /* ContentView.swift */; };
		0B06822A29370AC200E5D648 /* Assets.xcassets in Resources */ = {isa = PBXBuildFile; fileRef = 0B06822929370AC200E5D648 /* Assets.xcassets */; };
		0B06822D29370AC200E5D648 /* Preview Assets.xcassets in Resources */ = {isa = PBXBuildFile; fileRef = 0B06822C29370AC200E5D648 /* Preview Assets.xcassets */; };
		0B06823729370AC300E5D648 /* Techeer_RUAloneTests.swift in Sources */ = {isa = PBXBuildFile; fileRef = 0B06823629370AC300E5D648 /* Techeer_RUAloneTests.swift */; };
		0B06824129370AC300E5D648 /* Techeer_RUAloneUITests.swift in Sources */ = {isa = PBXBuildFile; fileRef = 0B06824029370AC300E5D648 /* Techeer_RUAloneUITests.swift */; };
		0B06824329370AC300E5D648 /* Techeer_RUAloneUITestsLaunchTests.swift in Sources */ = {isa = PBXBuildFile; fileRef = 0B06824229370AC300E5D648 /* Techeer_RUAloneUITestsLaunchTests.swift */; };
		0B0682AE29421CEE00E5D648 /* Alamofire in Frameworks */ = {isa = PBXBuildFile; productRef = 0B0682AD29421CEE00E5D648 /* Alamofire */; };
		0B0682B129421D5200E5D648 /* SendbirdUIKit in Frameworks */ = {isa = PBXBuildFile; productRef = 0B0682B029421D5200E5D648 /* SendbirdUIKit */; };
		0B0682B32944C7CC00E5D648 /* HomeView.swift in Sources */ = {isa = PBXBuildFile; fileRef = 0B0682B22944C7CC00E5D648 /* HomeView.swift */; };
		0B0682B52944C8BF00E5D648 /* HorizontalRectangle.swift in Sources */ = {isa = PBXBuildFile; fileRef = 0B0682B42944C8BF00E5D648 /* HorizontalRectangle.swift */; };
		0B0682B72944CA4800E5D648 /* Colors.xcassets in Resources */ = {isa = PBXBuildFile; fileRef = 0B0682B62944CA4800E5D648 /* Colors.xcassets */; };
		0B0682B92944CB0D00E5D648 /* Color+Extensions.swift in Sources */ = {isa = PBXBuildFile; fileRef = 0B0682B82944CB0D00E5D648 /* Color+Extensions.swift */; };
		0B0682BB2944D1AE00E5D648 /* VerticalRectangle.swift in Sources */ = {isa = PBXBuildFile; fileRef = 0B0682BA2944D1AE00E5D648 /* VerticalRectangle.swift */; };
/* End PBXBuildFile section */

/* Begin PBXContainerItemProxy section */
		0B06823329370AC300E5D648 /* PBXContainerItemProxy */ = {
			isa = PBXContainerItemProxy;
			containerPortal = 0B06821A29370AC000E5D648 /* Project object */;
			proxyType = 1;
			remoteGlobalIDString = 0B06822129370AC000E5D648;
			remoteInfo = "Techeer-RUAlone";
		};
		0B06823D29370AC300E5D648 /* PBXContainerItemProxy */ = {
			isa = PBXContainerItemProxy;
			containerPortal = 0B06821A29370AC000E5D648 /* Project object */;
			proxyType = 1;
			remoteGlobalIDString = 0B06822129370AC000E5D648;
			remoteInfo = "Techeer-RUAlone";
		};
/* End PBXContainerItemProxy section */

/* Begin PBXFileReference section */
		0445A511294F87DA007073DB /* .swiftlint.yml */ = {isa = PBXFileReference; lastKnownFileType = text.yaml; path = .swiftlint.yml; sourceTree = "<group>"; };
		04868862294F8B37000E4C77 /* SignupView.swift */ = {isa = PBXFileReference; fileEncoding = 4; lastKnownFileType = sourcecode.swift; name = SignupView.swift; path = "../../workspace/RUAlone-iOS/Techeer-RUAlone/SignupView.swift"; sourceTree = "<group>"; };
		049C0CB8294F8C160076F2C8 /* LoginView.swift */ = {isa = PBXFileReference; fileEncoding = 4; lastKnownFileType = sourcecode.swift; name = LoginView.swift; path = "../../workspace/RUAlone-iOS/Techeer-RUAlone/LoginView.swift"; sourceTree = "<group>"; };
		0B06822229370AC000E5D648 /* Techeer-RUAlone.app */ = {isa = PBXFileReference; explicitFileType = wrapper.application; includeInIndex = 0; path = "Techeer-RUAlone.app"; sourceTree = BUILT_PRODUCTS_DIR; };
		0B06822529370AC000E5D648 /* Techeer_RUAloneApp.swift */ = {isa = PBXFileReference; lastKnownFileType = sourcecode.swift; path = Techeer_RUAloneApp.swift; sourceTree = "<group>"; };
		0B06822729370AC000E5D648 /* ContentView.swift */ = {isa = PBXFileReference; lastKnownFileType = sourcecode.swift; path = ContentView.swift; sourceTree = "<group>"; };
		0B06822929370AC200E5D648 /* Assets.xcassets */ = {isa = PBXFileReference; lastKnownFileType = folder.assetcatalog; path = Assets.xcassets; sourceTree = "<group>"; };
		0B06822C29370AC200E5D648 /* Preview Assets.xcassets */ = {isa = PBXFileReference; lastKnownFileType = folder.assetcatalog; path = "Preview Assets.xcassets"; sourceTree = "<group>"; };
		0B06823229370AC300E5D648 /* Techeer-RUAloneTests.xctest */ = {isa = PBXFileReference; explicitFileType = wrapper.cfbundle; includeInIndex = 0; path = "Techeer-RUAloneTests.xctest"; sourceTree = BUILT_PRODUCTS_DIR; };
		0B06823629370AC300E5D648 /* Techeer_RUAloneTests.swift */ = {isa = PBXFileReference; lastKnownFileType = sourcecode.swift; path = Techeer_RUAloneTests.swift; sourceTree = "<group>"; };
		0B06823C29370AC300E5D648 /* Techeer-RUAloneUITests.xctest */ = {isa = PBXFileReference; explicitFileType = wrapper.cfbundle; includeInIndex = 0; path = "Techeer-RUAloneUITests.xctest"; sourceTree = BUILT_PRODUCTS_DIR; };
		0B06824029370AC300E5D648 /* Techeer_RUAloneUITests.swift */ = {isa = PBXFileReference; lastKnownFileType = sourcecode.swift; path = Techeer_RUAloneUITests.swift; sourceTree = "<group>"; };
		0B06824229370AC300E5D648 /* Techeer_RUAloneUITestsLaunchTests.swift */ = {isa = PBXFileReference; lastKnownFileType = sourcecode.swift; path = Techeer_RUAloneUITestsLaunchTests.swift; sourceTree = "<group>"; };
		0B0682B22944C7CC00E5D648 /* HomeView.swift */ = {isa = PBXFileReference; lastKnownFileType = sourcecode.swift; path = HomeView.swift; sourceTree = "<group>"; };
		0B0682B42944C8BF00E5D648 /* HorizontalRectangle.swift */ = {isa = PBXFileReference; lastKnownFileType = sourcecode.swift; path = HorizontalRectangle.swift; sourceTree = "<group>"; };
		0B0682B62944CA4800E5D648 /* Colors.xcassets */ = {isa = PBXFileReference; lastKnownFileType = folder.assetcatalog; path = Colors.xcassets; sourceTree = "<group>"; };
		0B0682B82944CB0D00E5D648 /* Color+Extensions.swift */ = {isa = PBXFileReference; lastKnownFileType = sourcecode.swift; path = "Color+Extensions.swift"; sourceTree = "<group>"; };
		0B0682BA2944D1AE00E5D648 /* VerticalRectangle.swift */ = {isa = PBXFileReference; lastKnownFileType = sourcecode.swift; path = VerticalRectangle.swift; sourceTree = "<group>"; };
/* End PBXFileReference section */

/* Begin PBXFrameworksBuildPhase section */
		0B06821F29370AC000E5D648 /* Frameworks */ = {
			isa = PBXFrameworksBuildPhase;
			buildActionMask = 2147483647;
			files = (
				0B0682B129421D5200E5D648 /* SendbirdUIKit in Frameworks */,
				0B0682AE29421CEE00E5D648 /* Alamofire in Frameworks */,
			);
			runOnlyForDeploymentPostprocessing = 0;
		};
		0B06822F29370AC300E5D648 /* Frameworks */ = {
			isa = PBXFrameworksBuildPhase;
			buildActionMask = 2147483647;
			files = (
			);
			runOnlyForDeploymentPostprocessing = 0;
		};
		0B06823929370AC300E5D648 /* Frameworks */ = {
			isa = PBXFrameworksBuildPhase;
			buildActionMask = 2147483647;
			files = (
			);
			runOnlyForDeploymentPostprocessing = 0;
		};
/* End PBXFrameworksBuildPhase section */

/* Begin PBXGroup section */
		0B06821929370AC000E5D648 = {
			isa = PBXGroup;
			children = (
				0445A511294F87DA007073DB /* .swiftlint.yml */,
				0B06822429370AC000E5D648 /* Techeer-RUAlone */,
				0B06823529370AC300E5D648 /* Techeer-RUAloneTests */,
				0B06823F29370AC300E5D648 /* Techeer-RUAloneUITests */,
				0B06822329370AC000E5D648 /* Products */,
			);
			sourceTree = "<group>";
		};
		0B06822329370AC000E5D648 /* Products */ = {
			isa = PBXGroup;
			children = (
				0B06822229370AC000E5D648 /* Techeer-RUAlone.app */,
				0B06823229370AC300E5D648 /* Techeer-RUAloneTests.xctest */,
				0B06823C29370AC300E5D648 /* Techeer-RUAloneUITests.xctest */,
			);
			name = Products;
			sourceTree = "<group>";
		};
		0B06822429370AC000E5D648 /* Techeer-RUAlone */ = {
			isa = PBXGroup;
			children = (
				0B06822529370AC000E5D648 /* Techeer_RUAloneApp.swift */,
				0B06822729370AC000E5D648 /* ContentView.swift */,
				049C0CB8294F8C160076F2C8 /* LoginView.swift */,
				04868862294F8B37000E4C77 /* SignupView.swift */,
				0B06822929370AC200E5D648 /* Assets.xcassets */,
				0B0682B62944CA4800E5D648 /* Colors.xcassets */,
				0B06822B29370AC200E5D648 /* Preview Content */,
				0B0682B22944C7CC00E5D648 /* HomeView.swift */,
				0B0682B42944C8BF00E5D648 /* HorizontalRectangle.swift */,
				0B0682B82944CB0D00E5D648 /* Color+Extensions.swift */,
				0B0682BA2944D1AE00E5D648 /* VerticalRectangle.swift */,
			);
			path = "Techeer-RUAlone";
			sourceTree = "<group>";
		};
		0B06822B29370AC200E5D648 /* Preview Content */ = {
			isa = PBXGroup;
			children = (
				0B06822C29370AC200E5D648 /* Preview Assets.xcassets */,
			);
			path = "Preview Content";
			sourceTree = "<group>";
		};
		0B06823529370AC300E5D648 /* Techeer-RUAloneTests */ = {
			isa = PBXGroup;
			children = (
				0B06823629370AC300E5D648 /* Techeer_RUAloneTests.swift */,
			);
			path = "Techeer-RUAloneTests";
			sourceTree = "<group>";
		};
		0B06823F29370AC300E5D648 /* Techeer-RUAloneUITests */ = {
			isa = PBXGroup;
			children = (
				0B06824029370AC300E5D648 /* Techeer_RUAloneUITests.swift */,
				0B06824229370AC300E5D648 /* Techeer_RUAloneUITestsLaunchTests.swift */,
			);
			path = "Techeer-RUAloneUITests";
			sourceTree = "<group>";
		};
/* End PBXGroup section */

/* Begin PBXNativeTarget section */
		0B06822129370AC000E5D648 /* Techeer-RUAlone */ = {
			isa = PBXNativeTarget;
			buildConfigurationList = 0B06824629370AC300E5D648 /* Build configuration list for PBXNativeTarget "Techeer-RUAlone" */;
			buildPhases = (
				0B0682A92942012900E5D648 /* SwiftLint Script */,
				0B06821E29370AC000E5D648 /* Sources */,
				0B06821F29370AC000E5D648 /* Frameworks */,
				0B06822029370AC000E5D648 /* Resources */,
			);
			buildRules = (
			);
			dependencies = (
			);
			name = "Techeer-RUAlone";
			packageProductDependencies = (
				0B0682AD29421CEE00E5D648 /* Alamofire */,
				0B0682B029421D5200E5D648 /* SendbirdUIKit */,
			);
			productName = "Techeer-RUAlone";
			productReference = 0B06822229370AC000E5D648 /* Techeer-RUAlone.app */;
			productType = "com.apple.product-type.application";
		};
		0B06823129370AC300E5D648 /* Techeer-RUAloneTests */ = {
			isa = PBXNativeTarget;
			buildConfigurationList = 0B06824929370AC300E5D648 /* Build configuration list for PBXNativeTarget "Techeer-RUAloneTests" */;
			buildPhases = (
				0B06822E29370AC300E5D648 /* Sources */,
				0B06822F29370AC300E5D648 /* Frameworks */,
				0B06823029370AC300E5D648 /* Resources */,
			);
			buildRules = (
			);
			dependencies = (
				0B06823429370AC300E5D648 /* PBXTargetDependency */,
			);
			name = "Techeer-RUAloneTests";
			productName = "Techeer-RUAloneTests";
			productReference = 0B06823229370AC300E5D648 /* Techeer-RUAloneTests.xctest */;
			productType = "com.apple.product-type.bundle.unit-test";
		};
		0B06823B29370AC300E5D648 /* Techeer-RUAloneUITests */ = {
			isa = PBXNativeTarget;
			buildConfigurationList = 0B06824C29370AC300E5D648 /* Build configuration list for PBXNativeTarget "Techeer-RUAloneUITests" */;
			buildPhases = (
				0B06823829370AC300E5D648 /* Sources */,
				0B06823929370AC300E5D648 /* Frameworks */,
				0B06823A29370AC300E5D648 /* Resources */,
			);
			buildRules = (
			);
			dependencies = (
				0B06823E29370AC300E5D648 /* PBXTargetDependency */,
			);
			name = "Techeer-RUAloneUITests";
			productName = "Techeer-RUAloneUITests";
			productReference = 0B06823C29370AC300E5D648 /* Techeer-RUAloneUITests.xctest */;
			productType = "com.apple.product-type.bundle.ui-testing";
		};
/* End PBXNativeTarget section */

/* Begin PBXProject section */
		0B06821A29370AC000E5D648 /* Project object */ = {
			isa = PBXProject;
			attributes = {
				BuildIndependentTargetsInParallel = 1;
				LastSwiftUpdateCheck = 1410;
				LastUpgradeCheck = 1410;
				TargetAttributes = {
					0B06822129370AC000E5D648 = {
						CreatedOnToolsVersion = 14.1;
					};
					0B06823129370AC300E5D648 = {
						CreatedOnToolsVersion = 14.1;
						TestTargetID = 0B06822129370AC000E5D648;
					};
					0B06823B29370AC300E5D648 = {
						CreatedOnToolsVersion = 14.1;
						TestTargetID = 0B06822129370AC000E5D648;
					};
				};
			};
			buildConfigurationList = 0B06821D29370AC000E5D648 /* Build configuration list for PBXProject "Techeer-RUAlone" */;
			compatibilityVersion = "Xcode 14.0";
			developmentRegion = en;
			hasScannedForEncodings = 0;
			knownRegions = (
				en,
				Base,
				ko,
			);
			mainGroup = 0B06821929370AC000E5D648;
			packageReferences = (
				0B0682AC29421CEE00E5D648 /* XCRemoteSwiftPackageReference "Alamofire" */,
				0B0682AF29421D5200E5D648 /* XCRemoteSwiftPackageReference "sendbird-uikit-ios-spm" */,
			);
			productRefGroup = 0B06822329370AC000E5D648 /* Products */;
			projectDirPath = "";
			projectRoot = "";
			targets = (
				0B06822129370AC000E5D648 /* Techeer-RUAlone */,
				0B06823129370AC300E5D648 /* Techeer-RUAloneTests */,
				0B06823B29370AC300E5D648 /* Techeer-RUAloneUITests */,
			);
		};
/* End PBXProject section */

/* Begin PBXResourcesBuildPhase section */
		0B06822029370AC000E5D648 /* Resources */ = {
			isa = PBXResourcesBuildPhase;
			buildActionMask = 2147483647;
			files = (
				0445A512294F87DA007073DB /* .swiftlint.yml in Resources */,
				0B0682B72944CA4800E5D648 /* Colors.xcassets in Resources */,
				0B06822D29370AC200E5D648 /* Preview Assets.xcassets in Resources */,
				0B06822A29370AC200E5D648 /* Assets.xcassets in Resources */,
			);
			runOnlyForDeploymentPostprocessing = 0;
		};
		0B06823029370AC300E5D648 /* Resources */ = {
			isa = PBXResourcesBuildPhase;
			buildActionMask = 2147483647;
			files = (
			);
			runOnlyForDeploymentPostprocessing = 0;
		};
		0B06823A29370AC300E5D648 /* Resources */ = {
			isa = PBXResourcesBuildPhase;
			buildActionMask = 2147483647;
			files = (
			);
			runOnlyForDeploymentPostprocessing = 0;
		};
/* End PBXResourcesBuildPhase section */

/* Begin PBXShellScriptBuildPhase section */
		0B0682A92942012900E5D648 /* SwiftLint Script */ = {
			isa = PBXShellScriptBuildPhase;
			buildActionMask = 2147483647;
			files = (
			);
			inputFileListPaths = (
			);
			inputPaths = (
			);
			name = "SwiftLint Script";
			outputFileListPaths = (
			);
			outputPaths = (
			);
			runOnlyForDeploymentPostprocessing = 0;
			shellPath = /bin/sh;
			shellScript = "# Type a script or drag a script file from your workspace to insert its path.\nif which swiftlint >/dev/null; then\n    swiftlint\nelse\n    echo \"warning: SwiftLint not installed, download from https://github.com/realm/SwiftLint\"\nfi\n";
		};
/* End PBXShellScriptBuildPhase section */

/* Begin PBXSourcesBuildPhase section */
		0B06821E29370AC000E5D648 /* Sources */ = {
			isa = PBXSourcesBuildPhase;
			buildActionMask = 2147483647;
			files = (
				04868863294F8B37000E4C77 /* SignupView.swift in Sources */,
				0B0682B92944CB0D00E5D648 /* Color+Extensions.swift in Sources */,
				0B0682B32944C7CC00E5D648 /* HomeView.swift in Sources */,
				0B06822829370AC000E5D648 /* ContentView.swift in Sources */,
				0B0682BB2944D1AE00E5D648 /* VerticalRectangle.swift in Sources */,
				0B06822629370AC000E5D648 /* Techeer_RUAloneApp.swift in Sources */,
				049C0CB9294F8C160076F2C8 /* LoginView.swift in Sources */,
				0B0682B52944C8BF00E5D648 /* HorizontalRectangle.swift in Sources */,
			);
			runOnlyForDeploymentPostprocessing = 0;
		};
		0B06822E29370AC300E5D648 /* Sources */ = {
			isa = PBXSourcesBuildPhase;
			buildActionMask = 2147483647;
			files = (
				0B06823729370AC300E5D648 /* Techeer_RUAloneTests.swift in Sources */,
			);
			runOnlyForDeploymentPostprocessing = 0;
		};
		0B06823829370AC300E5D648 /* Sources */ = {
			isa = PBXSourcesBuildPhase;
			buildActionMask = 2147483647;
			files = (
				0B06824329370AC300E5D648 /* Techeer_RUAloneUITestsLaunchTests.swift in Sources */,
				0B06824129370AC300E5D648 /* Techeer_RUAloneUITests.swift in Sources */,
			);
			runOnlyForDeploymentPostprocessing = 0;
		};
/* End PBXSourcesBuildPhase section */

/* Begin PBXTargetDependency section */
		0B06823429370AC300E5D648 /* PBXTargetDependency */ = {
			isa = PBXTargetDependency;
			target = 0B06822129370AC000E5D648 /* Techeer-RUAlone */;
			targetProxy = 0B06823329370AC300E5D648 /* PBXContainerItemProxy */;
		};
		0B06823E29370AC300E5D648 /* PBXTargetDependency */ = {
			isa = PBXTargetDependency;
			target = 0B06822129370AC000E5D648 /* Techeer-RUAlone */;
			targetProxy = 0B06823D29370AC300E5D648 /* PBXContainerItemProxy */;
		};
/* End PBXTargetDependency section */

/* Begin XCBuildConfiguration section */
		0B06824429370AC300E5D648 /* Debug */ = {
			isa = XCBuildConfiguration;
			buildSettings = {
				ALWAYS_SEARCH_USER_PATHS = NO;
				CLANG_ANALYZER_NONNULL = YES;
				CLANG_ANALYZER_NUMBER_OBJECT_CONVERSION = YES_AGGRESSIVE;
				CLANG_CXX_LANGUAGE_STANDARD = "gnu++20";
				CLANG_ENABLE_MODULES = YES;
				CLANG_ENABLE_OBJC_ARC = YES;
				CLANG_ENABLE_OBJC_WEAK = YES;
				CLANG_WARN_BLOCK_CAPTURE_AUTORELEASING = YES;
				CLANG_WARN_BOOL_CONVERSION = YES;
				CLANG_WARN_COMMA = YES;
				CLANG_WARN_CONSTANT_CONVERSION = YES;
				CLANG_WARN_DEPRECATED_OBJC_IMPLEMENTATIONS = YES;
				CLANG_WARN_DIRECT_OBJC_ISA_USAGE = YES_ERROR;
				CLANG_WARN_DOCUMENTATION_COMMENTS = YES;
				CLANG_WARN_EMPTY_BODY = YES;
				CLANG_WARN_ENUM_CONVERSION = YES;
				CLANG_WARN_INFINITE_RECURSION = YES;
				CLANG_WARN_INT_CONVERSION = YES;
				CLANG_WARN_NON_LITERAL_NULL_CONVERSION = YES;
				CLANG_WARN_OBJC_IMPLICIT_RETAIN_SELF = YES;
				CLANG_WARN_OBJC_LITERAL_CONVERSION = YES;
				CLANG_WARN_OBJC_ROOT_CLASS = YES_ERROR;
				CLANG_WARN_QUOTED_INCLUDE_IN_FRAMEWORK_HEADER = YES;
				CLANG_WARN_RANGE_LOOP_ANALYSIS = YES;
				CLANG_WARN_STRICT_PROTOTYPES = YES;
				CLANG_WARN_SUSPICIOUS_MOVE = YES;
				CLANG_WARN_UNGUARDED_AVAILABILITY = YES_AGGRESSIVE;
				CLANG_WARN_UNREACHABLE_CODE = YES;
				CLANG_WARN__DUPLICATE_METHOD_MATCH = YES;
				COPY_PHASE_STRIP = NO;
				DEBUG_INFORMATION_FORMAT = dwarf;
				ENABLE_STRICT_OBJC_MSGSEND = YES;
				ENABLE_TESTABILITY = YES;
				GCC_C_LANGUAGE_STANDARD = gnu11;
				GCC_DYNAMIC_NO_PIC = NO;
				GCC_NO_COMMON_BLOCKS = YES;
				GCC_OPTIMIZATION_LEVEL = 0;
				GCC_PREPROCESSOR_DEFINITIONS = (
					"DEBUG=1",
					"$(inherited)",
				);
				GCC_WARN_64_TO_32_BIT_CONVERSION = YES;
				GCC_WARN_ABOUT_RETURN_TYPE = YES_ERROR;
				GCC_WARN_UNDECLARED_SELECTOR = YES;
				GCC_WARN_UNINITIALIZED_AUTOS = YES_AGGRESSIVE;
				GCC_WARN_UNUSED_FUNCTION = YES;
				GCC_WARN_UNUSED_VARIABLE = YES;
				IPHONEOS_DEPLOYMENT_TARGET = 16.1;
				MTL_ENABLE_DEBUG_INFO = INCLUDE_SOURCE;
				MTL_FAST_MATH = YES;
				ONLY_ACTIVE_ARCH = YES;
				SDKROOT = iphoneos;
				SWIFT_ACTIVE_COMPILATION_CONDITIONS = DEBUG;
				SWIFT_OPTIMIZATION_LEVEL = "-Onone";
			};
			name = Debug;
		};
		0B06824529370AC300E5D648 /* Release */ = {
			isa = XCBuildConfiguration;
			buildSettings = {
				ALWAYS_SEARCH_USER_PATHS = NO;
				CLANG_ANALYZER_NONNULL = YES;
				CLANG_ANALYZER_NUMBER_OBJECT_CONVERSION = YES_AGGRESSIVE;
				CLANG_CXX_LANGUAGE_STANDARD = "gnu++20";
				CLANG_ENABLE_MODULES = YES;
				CLANG_ENABLE_OBJC_ARC = YES;
				CLANG_ENABLE_OBJC_WEAK = YES;
				CLANG_WARN_BLOCK_CAPTURE_AUTORELEASING = YES;
				CLANG_WARN_BOOL_CONVERSION = YES;
				CLANG_WARN_COMMA = YES;
				CLANG_WARN_CONSTANT_CONVERSION = YES;
				CLANG_WARN_DEPRECATED_OBJC_IMPLEMENTATIONS = YES;
				CLANG_WARN_DIRECT_OBJC_ISA_USAGE = YES_ERROR;
				CLANG_WARN_DOCUMENTATION_COMMENTS = YES;
				CLANG_WARN_EMPTY_BODY = YES;
				CLANG_WARN_ENUM_CONVERSION = YES;
				CLANG_WARN_INFINITE_RECURSION = YES;
				CLANG_WARN_INT_CONVERSION = YES;
				CLANG_WARN_NON_LITERAL_NULL_CONVERSION = YES;
				CLANG_WARN_OBJC_IMPLICIT_RETAIN_SELF = YES;
				CLANG_WARN_OBJC_LITERAL_CONVERSION = YES;
				CLANG_WARN_OBJC_ROOT_CLASS = YES_ERROR;
				CLANG_WARN_QUOTED_INCLUDE_IN_FRAMEWORK_HEADER = YES;
				CLANG_WARN_RANGE_LOOP_ANALYSIS = YES;
				CLANG_WARN_STRICT_PROTOTYPES = YES;
				CLANG_WARN_SUSPICIOUS_MOVE = YES;
				CLANG_WARN_UNGUARDED_AVAILABILITY = YES_AGGRESSIVE;
				CLANG_WARN_UNREACHABLE_CODE = YES;
				CLANG_WARN__DUPLICATE_METHOD_MATCH = YES;
				COPY_PHASE_STRIP = NO;
				DEBUG_INFORMATION_FORMAT = "dwarf-with-dsym";
				ENABLE_NS_ASSERTIONS = NO;
				ENABLE_STRICT_OBJC_MSGSEND = YES;
				GCC_C_LANGUAGE_STANDARD = gnu11;
				GCC_NO_COMMON_BLOCKS = YES;
				GCC_WARN_64_TO_32_BIT_CONVERSION = YES;
				GCC_WARN_ABOUT_RETURN_TYPE = YES_ERROR;
				GCC_WARN_UNDECLARED_SELECTOR = YES;
				GCC_WARN_UNINITIALIZED_AUTOS = YES_AGGRESSIVE;
				GCC_WARN_UNUSED_FUNCTION = YES;
				GCC_WARN_UNUSED_VARIABLE = YES;
				IPHONEOS_DEPLOYMENT_TARGET = 16.1;
				MTL_ENABLE_DEBUG_INFO = NO;
				MTL_FAST_MATH = YES;
				SDKROOT = iphoneos;
				SWIFT_COMPILATION_MODE = wholemodule;
				SWIFT_OPTIMIZATION_LEVEL = "-O";
				VALIDATE_PRODUCT = YES;
			};
			name = Release;
		};
		0B06824729370AC300E5D648 /* Debug */ = {
			isa = XCBuildConfiguration;
			buildSettings = {
				ASSETCATALOG_COMPILER_APPICON_NAME = AppIcon;
				ASSETCATALOG_COMPILER_GLOBAL_ACCENT_COLOR_NAME = AccentColor;
				CODE_SIGN_STYLE = Automatic;
				CURRENT_PROJECT_VERSION = 5;
				DEVELOPMENT_ASSET_PATHS = "\"Techeer-RUAlone/Preview Content\"";
				DEVELOPMENT_TEAM = LVBMDY357W;
				ENABLE_PREVIEWS = YES;
				GENERATE_INFOPLIST_FILE = YES;
				INFOPLIST_KEY_UIApplicationSceneManifest_Generation = YES;
				INFOPLIST_KEY_UIApplicationSupportsIndirectInputEvents = YES;
				INFOPLIST_KEY_UILaunchScreen_Generation = YES;
				INFOPLIST_KEY_UISupportedInterfaceOrientations = UIInterfaceOrientationPortrait;
				INFOPLIST_KEY_UISupportedInterfaceOrientations_iPad = "UIInterfaceOrientationLandscapeLeft UIInterfaceOrientationLandscapeRight UIInterfaceOrientationPortrait UIInterfaceOrientationPortraitUpsideDown";
				LD_RUNPATH_SEARCH_PATHS = (
					"$(inherited)",
					"@executable_path/Frameworks",
				);
				MARKETING_VERSION = 1.0;
				PRODUCT_BUNDLE_IDENTIFIER = "com.techeer.KKodiac.Techeer-RUAlone";
				PRODUCT_NAME = "$(TARGET_NAME)";
				SWIFT_EMIT_LOC_STRINGS = YES;
				SWIFT_VERSION = 5.0;
				TARGETED_DEVICE_FAMILY = "1,2";
			};
			name = Debug;
		};
		0B06824829370AC300E5D648 /* Release */ = {
			isa = XCBuildConfiguration;
			buildSettings = {
				ASSETCATALOG_COMPILER_APPICON_NAME = AppIcon;
				ASSETCATALOG_COMPILER_GLOBAL_ACCENT_COLOR_NAME = AccentColor;
				CODE_SIGN_STYLE = Automatic;
				CURRENT_PROJECT_VERSION = 5;
				DEVELOPMENT_ASSET_PATHS = "\"Techeer-RUAlone/Preview Content\"";
				DEVELOPMENT_TEAM = LVBMDY357W;
				ENABLE_PREVIEWS = YES;
				GENERATE_INFOPLIST_FILE = YES;
				INFOPLIST_KEY_UIApplicationSceneManifest_Generation = YES;
				INFOPLIST_KEY_UIApplicationSupportsIndirectInputEvents = YES;
				INFOPLIST_KEY_UILaunchScreen_Generation = YES;
				INFOPLIST_KEY_UISupportedInterfaceOrientations = UIInterfaceOrientationPortrait;
				INFOPLIST_KEY_UISupportedInterfaceOrientations_iPad = "UIInterfaceOrientationLandscapeLeft UIInterfaceOrientationLandscapeRight UIInterfaceOrientationPortrait UIInterfaceOrientationPortraitUpsideDown";
				LD_RUNPATH_SEARCH_PATHS = (
					"$(inherited)",
					"@executable_path/Frameworks",
				);
				MARKETING_VERSION = 1.0;
				PRODUCT_BUNDLE_IDENTIFIER = "com.techeer.KKodiac.Techeer-RUAlone";
				PRODUCT_NAME = "$(TARGET_NAME)";
				SWIFT_EMIT_LOC_STRINGS = YES;
				SWIFT_VERSION = 5.0;
				TARGETED_DEVICE_FAMILY = "1,2";
			};
			name = Release;
		};
		0B06824A29370AC300E5D648 /* Debug */ = {
			isa = XCBuildConfiguration;
			buildSettings = {
				ALWAYS_EMBED_SWIFT_STANDARD_LIBRARIES = YES;
				BUNDLE_LOADER = "$(TEST_HOST)";
				CODE_SIGN_STYLE = Automatic;
				CURRENT_PROJECT_VERSION = 5;
				DEVELOPMENT_TEAM = LVBMDY357W;
				GENERATE_INFOPLIST_FILE = YES;
				IPHONEOS_DEPLOYMENT_TARGET = 16.1;
				MARKETING_VERSION = 1.0;
				PRODUCT_BUNDLE_IDENTIFIER = "com.techeer.KKodiac.Techeer-RUAloneTests";
				PRODUCT_NAME = "$(TARGET_NAME)";
				SWIFT_EMIT_LOC_STRINGS = NO;
				SWIFT_VERSION = 5.0;
				TARGETED_DEVICE_FAMILY = "1,2";
				TEST_HOST = "$(BUILT_PRODUCTS_DIR)/Techeer-RUAlone.app/$(BUNDLE_EXECUTABLE_FOLDER_PATH)/Techeer-RUAlone";
			};
			name = Debug;
		};
		0B06824B29370AC300E5D648 /* Release */ = {
			isa = XCBuildConfiguration;
			buildSettings = {
				ALWAYS_EMBED_SWIFT_STANDARD_LIBRARIES = YES;
				BUNDLE_LOADER = "$(TEST_HOST)";
				CODE_SIGN_STYLE = Automatic;
				CURRENT_PROJECT_VERSION = 5;
				DEVELOPMENT_TEAM = LVBMDY357W;
				GENERATE_INFOPLIST_FILE = YES;
				IPHONEOS_DEPLOYMENT_TARGET = 16.1;
				MARKETING_VERSION = 1.0;
				PRODUCT_BUNDLE_IDENTIFIER = "com.techeer.KKodiac.Techeer-RUAloneTests";
				PRODUCT_NAME = "$(TARGET_NAME)";
				SWIFT_EMIT_LOC_STRINGS = NO;
				SWIFT_VERSION = 5.0;
				TARGETED_DEVICE_FAMILY = "1,2";
				TEST_HOST = "$(BUILT_PRODUCTS_DIR)/Techeer-RUAlone.app/$(BUNDLE_EXECUTABLE_FOLDER_PATH)/Techeer-RUAlone";
			};
			name = Release;
		};
		0B06824D29370AC300E5D648 /* Debug */ = {
			isa = XCBuildConfiguration;
			buildSettings = {
				ALWAYS_EMBED_SWIFT_STANDARD_LIBRARIES = YES;
				CODE_SIGN_STYLE = Automatic;
				CURRENT_PROJECT_VERSION = 5;
				DEVELOPMENT_TEAM = LVBMDY357W;
				GENERATE_INFOPLIST_FILE = YES;
				MARKETING_VERSION = 1.0;
				PRODUCT_BUNDLE_IDENTIFIER = "com.techeer.KKodiac.Techeer-RUAloneUITests";
				PRODUCT_NAME = "$(TARGET_NAME)";
				SWIFT_EMIT_LOC_STRINGS = NO;
				SWIFT_VERSION = 5.0;
				TARGETED_DEVICE_FAMILY = "1,2";
				TEST_TARGET_NAME = "Techeer-RUAlone";
			};
			name = Debug;
		};
		0B06824E29370AC300E5D648 /* Release */ = {
			isa = XCBuildConfiguration;
			buildSettings = {
				ALWAYS_EMBED_SWIFT_STANDARD_LIBRARIES = YES;
				CODE_SIGN_STYLE = Automatic;
				CURRENT_PROJECT_VERSION = 5;
				DEVELOPMENT_TEAM = LVBMDY357W;
				GENERATE_INFOPLIST_FILE = YES;
				MARKETING_VERSION = 1.0;
				PRODUCT_BUNDLE_IDENTIFIER = "com.techeer.KKodiac.Techeer-RUAloneUITests";
				PRODUCT_NAME = "$(TARGET_NAME)";
				SWIFT_EMIT_LOC_STRINGS = NO;
				SWIFT_VERSION = 5.0;
				TARGETED_DEVICE_FAMILY = "1,2";
				TEST_TARGET_NAME = "Techeer-RUAlone";
			};
			name = Release;
		};
/* End XCBuildConfiguration section */

/* Begin XCConfigurationList section */
		0B06821D29370AC000E5D648 /* Build configuration list for PBXProject "Techeer-RUAlone" */ = {
			isa = XCConfigurationList;
			buildConfigurations = (
				0B06824429370AC300E5D648 /* Debug */,
				0B06824529370AC300E5D648 /* Release */,
			);
			defaultConfigurationIsVisible = 0;
			defaultConfigurationName = Release;
		};
		0B06824629370AC300E5D648 /* Build configuration list for PBXNativeTarget "Techeer-RUAlone" */ = {
			isa = XCConfigurationList;
			buildConfigurations = (
				0B06824729370AC300E5D648 /* Debug */,
				0B06824829370AC300E5D648 /* Release */,
			);
			defaultConfigurationIsVisible = 0;
			defaultConfigurationName = Release;
		};
		0B06824929370AC300E5D648 /* Build configuration list for PBXNativeTarget "Techeer-RUAloneTests" */ = {
			isa = XCConfigurationList;
			buildConfigurations = (
				0B06824A29370AC300E5D648 /* Debug */,
				0B06824B29370AC300E5D648 /* Release */,
			);
			defaultConfigurationIsVisible = 0;
			defaultConfigurationName = Release;
		};
		0B06824C29370AC300E5D648 /* Build configuration list for PBXNativeTarget "Techeer-RUAloneUITests" */ = {
			isa = XCConfigurationList;
			buildConfigurations = (
				0B06824D29370AC300E5D648 /* Debug */,
				0B06824E29370AC300E5D648 /* Release */,
			);
			defaultConfigurationIsVisible = 0;
			defaultConfigurationName = Release;
		};
/* End XCConfigurationList section */

/* Begin XCRemoteSwiftPackageReference section */
		0B0682AC29421CEE00E5D648 /* XCRemoteSwiftPackageReference "Alamofire" */ = {
			isa = XCRemoteSwiftPackageReference;
			repositoryURL = "https://github.com/Alamofire/Alamofire.git";
			requirement = {
				kind = upToNextMajorVersion;
				minimumVersion = 5.6.1;
			};
		};
		0B0682AF29421D5200E5D648 /* XCRemoteSwiftPackageReference "sendbird-uikit-ios-spm" */ = {
			isa = XCRemoteSwiftPackageReference;
			repositoryURL = "https://github.com/sendbird/sendbird-uikit-ios-spm.git";
			requirement = {
				branch = main;
				kind = branch;
			};
		};
/* End XCRemoteSwiftPackageReference section */

/* Begin XCSwiftPackageProductDependency section */
		0B0682AD29421CEE00E5D648 /* Alamofire */ = {
			isa = XCSwiftPackageProductDependency;
			package = 0B0682AC29421CEE00E5D648 /* XCRemoteSwiftPackageReference "Alamofire" */;
			productName = Alamofire;
		};
		0B0682B029421D5200E5D648 /* SendbirdUIKit */ = {
			isa = XCSwiftPackageProductDependency;
			package = 0B0682AF29421D5200E5D648 /* XCRemoteSwiftPackageReference "sendbird-uikit-ios-spm" */;
			productName = SendbirdUIKit;
		};
/* End XCSwiftPackageProductDependency section */
	};
	rootObject = 0B06821A29370AC000E5D648 /* Project object */;
}
